// !$*UTF8*$!
{
	archiveVersion = 1;
	classes = {
	};
	objectVersion = 56;
	objects = {

/* Begin PBXBuildFile section */
		A315E7952C353E7400FA4F20 /* LandmarksApp.swift in Sources */ = {isa = PBXBuildFile; fileRef = A315E7942C353E7400FA4F20 /* LandmarksApp.swift */; };
		A315E7972C353E7400FA4F20 /* ContentView.swift in Sources */ = {isa = PBXBuildFile; fileRef = A315E7962C353E7400FA4F20 /* ContentView.swift */; };
		A315E7992C353E7B00FA4F20 /* Assets.xcassets in Resources */ = {isa = PBXBuildFile; fileRef = A315E7982C353E7B00FA4F20 /* Assets.xcassets */; };
		A315E79C2C353E7B00FA4F20 /* Preview Assets.xcassets in Resources */ = {isa = PBXBuildFile; fileRef = A315E79B2C353E7B00FA4F20 /* Preview Assets.xcassets */; };
		A315E7A32C3542B500FA4F20 /* CircleImage.swift in Sources */ = {isa = PBXBuildFile; fileRef = A315E7A22C3542B500FA4F20 /* CircleImage.swift */; };
		A315E7A52C3543F700FA4F20 /* MapView.swift in Sources */ = {isa = PBXBuildFile; fileRef = A315E7A42C3543F700FA4F20 /* MapView.swift */; };
		A315E7B72C354CC300FA4F20 /* umbagog@2x.jpg in Resources */ = {isa = PBXBuildFile; fileRef = A315E7AA2C354CC200FA4F20 /* umbagog@2x.jpg */; };
		A315E7B82C354CC300FA4F20 /* twinlake@2x.jpg in Resources */ = {isa = PBXBuildFile; fileRef = A315E7AB2C354CC200FA4F20 /* twinlake@2x.jpg */; };
		A315E7B92C354CC300FA4F20 /* chincoteague@2x.jpg in Resources */ = {isa = PBXBuildFile; fileRef = A315E7AC2C354CC200FA4F20 /* chincoteague@2x.jpg */; };
		A315E7BA2C354CC300FA4F20 /* lakemcdonald@2x.jpg in Resources */ = {isa = PBXBuildFile; fileRef = A315E7AD2C354CC200FA4F20 /* lakemcdonald@2x.jpg */; };
		A315E7BB2C354CC300FA4F20 /* silversalmoncreek@2x.jpg in Resources */ = {isa = PBXBuildFile; fileRef = A315E7AE2C354CC200FA4F20 /* silversalmoncreek@2x.jpg */; };
		A315E7BC2C354CC300FA4F20 /* icybay@2x.jpg in Resources */ = {isa = PBXBuildFile; fileRef = A315E7AF2C354CC200FA4F20 /* icybay@2x.jpg */; };
		A315E7BD2C354CC300FA4F20 /* hiddenlake@2x.jpg in Resources */ = {isa = PBXBuildFile; fileRef = A315E7B02C354CC200FA4F20 /* hiddenlake@2x.jpg */; };
		A315E7BE2C354CC300FA4F20 /* chilkoottrail@2x.jpg in Resources */ = {isa = PBXBuildFile; fileRef = A315E7B12C354CC200FA4F20 /* chilkoottrail@2x.jpg */; };
		A315E7BF2C354CC300FA4F20 /* stmarylake@2x.jpg in Resources */ = {isa = PBXBuildFile; fileRef = A315E7B22C354CC200FA4F20 /* stmarylake@2x.jpg */; };
		A315E7C02C354CC300FA4F20 /* charleyrivers@2x.jpg in Resources */ = {isa = PBXBuildFile; fileRef = A315E7B32C354CC200FA4F20 /* charleyrivers@2x.jpg */; };
		A315E7C12C354CC300FA4F20 /* rainbowlake@2x.jpg in Resources */ = {isa = PBXBuildFile; fileRef = A315E7B42C354CC200FA4F20 /* rainbowlake@2x.jpg */; };
		A315E7C22C354CC300FA4F20 /* landmarkData.json in Resources */ = {isa = PBXBuildFile; fileRef = A315E7B52C354CC200FA4F20 /* landmarkData.json */; };
		A315E7C42C356A7500FA4F20 /* Landmark.swift in Sources */ = {isa = PBXBuildFile; fileRef = A315E7C32C356A7500FA4F20 /* Landmark.swift */; };
		A315E7C62C356C8100FA4F20 /* ModelData.swift in Sources */ = {isa = PBXBuildFile; fileRef = A315E7C52C356C8100FA4F20 /* ModelData.swift */; };
		A315E7CA2C356E9700FA4F20 /* LandmarkRow.swift in Sources */ = {isa = PBXBuildFile; fileRef = A315E7C92C356E9700FA4F20 /* LandmarkRow.swift */; };
		A315E7CC2C3574EE00FA4F20 /* LandmarkList.swift in Sources */ = {isa = PBXBuildFile; fileRef = A315E7CB2C3574EE00FA4F20 /* LandmarkList.swift */; };
		A315E7CE2C3575FB00FA4F20 /* LandmarkDetail.swift in Sources */ = {isa = PBXBuildFile; fileRef = A315E7CD2C3575FB00FA4F20 /* LandmarkDetail.swift */; };
		A38C0EA12C359FFF000E626F /* FavoriteButton.swift in Sources */ = {isa = PBXBuildFile; fileRef = A38C0EA02C359FFF000E626F /* FavoriteButton.swift */; };
		A38C0EA52C36A03C000E626F /* HexagonParameters.swift in Sources */ = {isa = PBXBuildFile; fileRef = A38C0EA42C36A03C000E626F /* HexagonParameters.swift */; };
		A38C0EA72C36A13F000E626F /* BadgeBackground.swift in Sources */ = {isa = PBXBuildFile; fileRef = A38C0EA62C36A13F000E626F /* BadgeBackground.swift */; };
		A38C0EA92C36A8A4000E626F /* BadgeSymbol.swift in Sources */ = {isa = PBXBuildFile; fileRef = A38C0EA82C36A8A4000E626F /* BadgeSymbol.swift */; };
		A38C0EAB2C36AA23000E626F /* RotatedBadgeSymbol.swift in Sources */ = {isa = PBXBuildFile; fileRef = A38C0EAA2C36AA23000E626F /* RotatedBadgeSymbol.swift */; };
		A38C0EAD2C36AA9D000E626F /* Badge.swift in Sources */ = {isa = PBXBuildFile; fileRef = A38C0EAC2C36AA9D000E626F /* Badge.swift */; };
		A38C0EB22C36AFF7000E626F /* Hike.swift in Sources */ = {isa = PBXBuildFile; fileRef = A38C0EB12C36AFF7000E626F /* Hike.swift */; };
		A38C0EB82C36B0B7000E626F /* GraphCapsule.swift in Sources */ = {isa = PBXBuildFile; fileRef = A38C0EB42C36B0B7000E626F /* GraphCapsule.swift */; };
		A38C0EB92C36B0B7000E626F /* HikeGraph.swift in Sources */ = {isa = PBXBuildFile; fileRef = A38C0EB52C36B0B7000E626F /* HikeGraph.swift */; };
		A38C0EBA2C36B0B7000E626F /* HikeDetail.swift in Sources */ = {isa = PBXBuildFile; fileRef = A38C0EB62C36B0B7000E626F /* HikeDetail.swift */; };
		A38C0EBB2C36B0B7000E626F /* HikeView.swift in Sources */ = {isa = PBXBuildFile; fileRef = A38C0EB72C36B0B7000E626F /* HikeView.swift */; };
		A3A647632C3AED630015912E /* CategoryItem.swift in Sources */ = {isa = PBXBuildFile; fileRef = A3A647602C3AED630015912E /* CategoryItem.swift */; };
		A3A647642C3AED630015912E /* CategoryHome.swift in Sources */ = {isa = PBXBuildFile; fileRef = A3A647612C3AED630015912E /* CategoryHome.swift */; };
		A3A647652C3AED630015912E /* CategoryRow.swift in Sources */ = {isa = PBXBuildFile; fileRef = A3A647622C3AED630015912E /* CategoryRow.swift */; };
		A3A6476A2C3AEDBE0015912E /* HikeBadge.swift in Sources */ = {isa = PBXBuildFile; fileRef = A3A647672C3AEDBE0015912E /* HikeBadge.swift */; };
		A3A6476B2C3AEDBE0015912E /* ProfileSummary.swift in Sources */ = {isa = PBXBuildFile; fileRef = A3A647682C3AEDBE0015912E /* ProfileSummary.swift */; };
		A3A6476C2C3AEDBE0015912E /* ProfileHost.swift in Sources */ = {isa = PBXBuildFile; fileRef = A3A647692C3AEDBE0015912E /* ProfileHost.swift */; };
		A3A6476F2C3AEDED0015912E /* Collection+.swift in Sources */ = {isa = PBXBuildFile; fileRef = A3A6476E2C3AEDED0015912E /* Collection+.swift */; };
		A3A647712C3AEE030015912E /* Profile.swift in Sources */ = {isa = PBXBuildFile; fileRef = A3A647702C3AEE030015912E /* Profile.swift */; };
		A3A647732C3AEE190015912E /* hikeData.json in Resources */ = {isa = PBXBuildFile; fileRef = A3A647722C3AEE190015912E /* hikeData.json */; };
		A3A647752C3B046E0015912E /* ProfileEditor.swift in Sources */ = {isa = PBXBuildFile; fileRef = A3A647742C3B046E0015912E /* ProfileEditor.swift */; };
/* End PBXBuildFile section */

/* Begin PBXFileReference section */
		A315E7912C353E7400FA4F20 /* Landmarks.app */ = {isa = PBXFileReference; explicitFileType = wrapper.application; includeInIndex = 0; path = Landmarks.app; sourceTree = BUILT_PRODUCTS_DIR; };
		A315E7942C353E7400FA4F20 /* LandmarksApp.swift */ = {isa = PBXFileReference; lastKnownFileType = sourcecode.swift; path = LandmarksApp.swift; sourceTree = "<group>"; };
		A315E7962C353E7400FA4F20 /* ContentView.swift */ = {isa = PBXFileReference; lastKnownFileType = sourcecode.swift; path = ContentView.swift; sourceTree = "<group>"; };
		A315E7982C353E7B00FA4F20 /* Assets.xcassets */ = {isa = PBXFileReference; lastKnownFileType = folder.assetcatalog; path = Assets.xcassets; sourceTree = "<group>"; };
		A315E79B2C353E7B00FA4F20 /* Preview Assets.xcassets */ = {isa = PBXFileReference; lastKnownFileType = folder.assetcatalog; path = "Preview Assets.xcassets"; sourceTree = "<group>"; };
		A315E7A22C3542B500FA4F20 /* CircleImage.swift */ = {isa = PBXFileReference; lastKnownFileType = sourcecode.swift; path = CircleImage.swift; sourceTree = "<group>"; };
		A315E7A42C3543F700FA4F20 /* MapView.swift */ = {isa = PBXFileReference; lastKnownFileType = sourcecode.swift; path = MapView.swift; sourceTree = "<group>"; };
		A315E7AA2C354CC200FA4F20 /* umbagog@2x.jpg */ = {isa = PBXFileReference; lastKnownFileType = image.jpeg; path = "umbagog@2x.jpg"; sourceTree = "<group>"; };
		A315E7AB2C354CC200FA4F20 /* twinlake@2x.jpg */ = {isa = PBXFileReference; lastKnownFileType = image.jpeg; path = "twinlake@2x.jpg"; sourceTree = "<group>"; };
		A315E7AC2C354CC200FA4F20 /* chincoteague@2x.jpg */ = {isa = PBXFileReference; lastKnownFileType = image.jpeg; path = "chincoteague@2x.jpg"; sourceTree = "<group>"; };
		A315E7AD2C354CC200FA4F20 /* lakemcdonald@2x.jpg */ = {isa = PBXFileReference; lastKnownFileType = image.jpeg; path = "lakemcdonald@2x.jpg"; sourceTree = "<group>"; };
		A315E7AE2C354CC200FA4F20 /* silversalmoncreek@2x.jpg */ = {isa = PBXFileReference; lastKnownFileType = image.jpeg; path = "silversalmoncreek@2x.jpg"; sourceTree = "<group>"; };
		A315E7AF2C354CC200FA4F20 /* icybay@2x.jpg */ = {isa = PBXFileReference; lastKnownFileType = image.jpeg; path = "icybay@2x.jpg"; sourceTree = "<group>"; };
		A315E7B02C354CC200FA4F20 /* hiddenlake@2x.jpg */ = {isa = PBXFileReference; lastKnownFileType = image.jpeg; path = "hiddenlake@2x.jpg"; sourceTree = "<group>"; };
		A315E7B12C354CC200FA4F20 /* chilkoottrail@2x.jpg */ = {isa = PBXFileReference; lastKnownFileType = image.jpeg; path = "chilkoottrail@2x.jpg"; sourceTree = "<group>"; };
		A315E7B22C354CC200FA4F20 /* stmarylake@2x.jpg */ = {isa = PBXFileReference; lastKnownFileType = image.jpeg; path = "stmarylake@2x.jpg"; sourceTree = "<group>"; };
		A315E7B32C354CC200FA4F20 /* charleyrivers@2x.jpg */ = {isa = PBXFileReference; lastKnownFileType = image.jpeg; path = "charleyrivers@2x.jpg"; sourceTree = "<group>"; };
		A315E7B42C354CC200FA4F20 /* rainbowlake@2x.jpg */ = {isa = PBXFileReference; lastKnownFileType = image.jpeg; path = "rainbowlake@2x.jpg"; sourceTree = "<group>"; };
		A315E7B52C354CC200FA4F20 /* landmarkData.json */ = {isa = PBXFileReference; fileEncoding = 4; lastKnownFileType = text.json; path = landmarkData.json; sourceTree = "<group>"; };
		A315E7C32C356A7500FA4F20 /* Landmark.swift */ = {isa = PBXFileReference; lastKnownFileType = sourcecode.swift; path = Landmark.swift; sourceTree = "<group>"; };
		A315E7C52C356C8100FA4F20 /* ModelData.swift */ = {isa = PBXFileReference; lastKnownFileType = sourcecode.swift; path = ModelData.swift; sourceTree = "<group>"; };
		A315E7C92C356E9700FA4F20 /* LandmarkRow.swift */ = {isa = PBXFileReference; lastKnownFileType = sourcecode.swift; path = LandmarkRow.swift; sourceTree = "<group>"; };
		A315E7CB2C3574EE00FA4F20 /* LandmarkList.swift */ = {isa = PBXFileReference; lastKnownFileType = sourcecode.swift; path = LandmarkList.swift; sourceTree = "<group>"; };
		A315E7CD2C3575FB00FA4F20 /* LandmarkDetail.swift */ = {isa = PBXFileReference; lastKnownFileType = sourcecode.swift; path = LandmarkDetail.swift; sourceTree = "<group>"; };
		A38C0EA02C359FFF000E626F /* FavoriteButton.swift */ = {isa = PBXFileReference; lastKnownFileType = sourcecode.swift; path = FavoriteButton.swift; sourceTree = "<group>"; };
		A38C0EA42C36A03C000E626F /* HexagonParameters.swift */ = {isa = PBXFileReference; lastKnownFileType = sourcecode.swift; path = HexagonParameters.swift; sourceTree = "<group>"; };
		A38C0EA62C36A13F000E626F /* BadgeBackground.swift */ = {isa = PBXFileReference; lastKnownFileType = sourcecode.swift; path = BadgeBackground.swift; sourceTree = "<group>"; };
		A38C0EA82C36A8A4000E626F /* BadgeSymbol.swift */ = {isa = PBXFileReference; lastKnownFileType = sourcecode.swift; path = BadgeSymbol.swift; sourceTree = "<group>"; };
		A38C0EAA2C36AA23000E626F /* RotatedBadgeSymbol.swift */ = {isa = PBXFileReference; lastKnownFileType = sourcecode.swift; path = RotatedBadgeSymbol.swift; sourceTree = "<group>"; };
		A38C0EAC2C36AA9D000E626F /* Badge.swift */ = {isa = PBXFileReference; lastKnownFileType = sourcecode.swift; path = Badge.swift; sourceTree = "<group>"; };
		A38C0EB12C36AFF7000E626F /* Hike.swift */ = {isa = PBXFileReference; lastKnownFileType = sourcecode.swift; path = Hike.swift; sourceTree = "<group>"; };
		A38C0EB42C36B0B7000E626F /* GraphCapsule.swift */ = {isa = PBXFileReference; fileEncoding = 4; lastKnownFileType = sourcecode.swift; path = GraphCapsule.swift; sourceTree = "<group>"; };
		A38C0EB52C36B0B7000E626F /* HikeGraph.swift */ = {isa = PBXFileReference; fileEncoding = 4; lastKnownFileType = sourcecode.swift; path = HikeGraph.swift; sourceTree = "<group>"; };
		A38C0EB62C36B0B7000E626F /* HikeDetail.swift */ = {isa = PBXFileReference; fileEncoding = 4; lastKnownFileType = sourcecode.swift; path = HikeDetail.swift; sourceTree = "<group>"; };
		A38C0EB72C36B0B7000E626F /* HikeView.swift */ = {isa = PBXFileReference; fileEncoding = 4; lastKnownFileType = sourcecode.swift; path = HikeView.swift; sourceTree = "<group>"; };
		A3A647602C3AED630015912E /* CategoryItem.swift */ = {isa = PBXFileReference; fileEncoding = 4; lastKnownFileType = sourcecode.swift; path = CategoryItem.swift; sourceTree = "<group>"; };
		A3A647612C3AED630015912E /* CategoryHome.swift */ = {isa = PBXFileReference; fileEncoding = 4; lastKnownFileType = sourcecode.swift; path = CategoryHome.swift; sourceTree = "<group>"; };
		A3A647622C3AED630015912E /* CategoryRow.swift */ = {isa = PBXFileReference; fileEncoding = 4; lastKnownFileType = sourcecode.swift; path = CategoryRow.swift; sourceTree = "<group>"; };
		A3A647672C3AEDBE0015912E /* HikeBadge.swift */ = {isa = PBXFileReference; fileEncoding = 4; lastKnownFileType = sourcecode.swift; path = HikeBadge.swift; sourceTree = "<group>"; };
		A3A647682C3AEDBE0015912E /* ProfileSummary.swift */ = {isa = PBXFileReference; fileEncoding = 4; lastKnownFileType = sourcecode.swift; path = ProfileSummary.swift; sourceTree = "<group>"; };
		A3A647692C3AEDBE0015912E /* ProfileHost.swift */ = {isa = PBXFileReference; fileEncoding = 4; lastKnownFileType = sourcecode.swift; path = ProfileHost.swift; sourceTree = "<group>"; };
		A3A6476E2C3AEDED0015912E /* Collection+.swift */ = {isa = PBXFileReference; fileEncoding = 4; lastKnownFileType = sourcecode.swift; path = "Collection+.swift"; sourceTree = "<group>"; };
		A3A647702C3AEE030015912E /* Profile.swift */ = {isa = PBXFileReference; fileEncoding = 4; lastKnownFileType = sourcecode.swift; path = Profile.swift; sourceTree = "<group>"; };
		A3A647722C3AEE190015912E /* hikeData.json */ = {isa = PBXFileReference; fileEncoding = 4; lastKnownFileType = text.json; path = hikeData.json; sourceTree = "<group>"; };
		A3A647742C3B046E0015912E /* ProfileEditor.swift */ = {isa = PBXFileReference; lastKnownFileType = sourcecode.swift; path = ProfileEditor.swift; sourceTree = "<group>"; };
/* End PBXFileReference section */

/* Begin PBXFrameworksBuildPhase section */
		A315E78E2C353E7400FA4F20 /* Frameworks */ = {
			isa = PBXFrameworksBuildPhase;
			buildActionMask = 2147483647;
			files = (
			);
			runOnlyForDeploymentPostprocessing = 0;
		};
/* End PBXFrameworksBuildPhase section */

/* Begin PBXGroup section */
		A315E7882C353E7400FA4F20 = {
			isa = PBXGroup;
			children = (
				A315E7932C353E7400FA4F20 /* Landmarks */,
				A315E7922C353E7400FA4F20 /* Products */,
			);
			sourceTree = "<group>";
		};
		A315E7922C353E7400FA4F20 /* Products */ = {
			isa = PBXGroup;
			children = (
				A315E7912C353E7400FA4F20 /* Landmarks.app */,
			);
			name = Products;
			sourceTree = "<group>";
		};
		A315E7932C353E7400FA4F20 /* Landmarks */ = {
			isa = PBXGroup;
			children = (
				A3A6476D2C3AEDED0015912E /* Extensions */,
				A315E7982C353E7B00FA4F20 /* Assets.xcassets */,
				A315E7942C353E7400FA4F20 /* LandmarksApp.swift */,
				A315E7A62C354CC200FA4F20 /* Resources */,
				A315E7C72C356E3800FA4F20 /* View */,
				A315E7C82C356E4E00FA4F20 /* Model */,
				A315E79A2C353E7B00FA4F20 /* Preview Content */,
			);
			path = Landmarks;
			sourceTree = "<group>";
		};
		A315E79A2C353E7B00FA4F20 /* Preview Content */ = {
			isa = PBXGroup;
			children = (
				A315E79B2C353E7B00FA4F20 /* Preview Assets.xcassets */,
			);
			path = "Preview Content";
			sourceTree = "<group>";
		};
		A315E7A62C354CC200FA4F20 /* Resources */ = {
			isa = PBXGroup;
			children = (
				A3A647722C3AEE190015912E /* hikeData.json */,
				A315E7A92C354CC200FA4F20 /* Images */,
				A315E7B52C354CC200FA4F20 /* landmarkData.json */,
			);
			path = Resources;
			sourceTree = "<group>";
		};
		A315E7A92C354CC200FA4F20 /* Images */ = {
			isa = PBXGroup;
			children = (
				A315E7B42C354CC200FA4F20 /* rainbowlake@2x.jpg */,
				A315E7AA2C354CC200FA4F20 /* umbagog@2x.jpg */,
				A315E7AB2C354CC200FA4F20 /* twinlake@2x.jpg */,
				A315E7AC2C354CC200FA4F20 /* chincoteague@2x.jpg */,
				A315E7AD2C354CC200FA4F20 /* lakemcdonald@2x.jpg */,
				A315E7AE2C354CC200FA4F20 /* silversalmoncreek@2x.jpg */,
				A315E7AF2C354CC200FA4F20 /* icybay@2x.jpg */,
				A315E7B02C354CC200FA4F20 /* hiddenlake@2x.jpg */,
				A315E7B12C354CC200FA4F20 /* chilkoottrail@2x.jpg */,
				A315E7B22C354CC200FA4F20 /* stmarylake@2x.jpg */,
				A315E7B32C354CC200FA4F20 /* charleyrivers@2x.jpg */,
			);
			path = Images;
			sourceTree = "<group>";
		};
		A315E7C72C356E3800FA4F20 /* View */ = {
			isa = PBXGroup;
			children = (
				A3A647662C3AEDBE0015912E /* Profile */,
				A3A6475F2C3AED630015912E /* Categories */,
				A38C0EB32C36B0B7000E626F /* Hikes */,
				A315E7962C353E7400FA4F20 /* ContentView.swift */,
				A38C0EA32C35A176000E626F /* Helper */,
				A38C0EA22C35A158000E626F /* Landmarks */,
				A38C0EAE2C36AC9B000E626F /* Badges */,
			);
			path = View;
			sourceTree = "<group>";
		};
		A315E7C82C356E4E00FA4F20 /* Model */ = {
			isa = PBXGroup;
			children = (
				A3A647702C3AEE030015912E /* Profile.swift */,
				A315E7C32C356A7500FA4F20 /* Landmark.swift */,
				A315E7C52C356C8100FA4F20 /* ModelData.swift */,
				A38C0EB12C36AFF7000E626F /* Hike.swift */,
			);
			path = Model;
			sourceTree = "<group>";
		};
		A38C0EA22C35A158000E626F /* Landmarks */ = {
			isa = PBXGroup;
			children = (
				A315E7C92C356E9700FA4F20 /* LandmarkRow.swift */,
				A315E7CB2C3574EE00FA4F20 /* LandmarkList.swift */,
				A315E7CD2C3575FB00FA4F20 /* LandmarkDetail.swift */,
			);
			path = Landmarks;
			sourceTree = "<group>";
		};
		A38C0EA32C35A176000E626F /* Helper */ = {
			isa = PBXGroup;
			children = (
				A315E7A22C3542B500FA4F20 /* CircleImage.swift */,
				A315E7A42C3543F700FA4F20 /* MapView.swift */,
				A38C0EA02C359FFF000E626F /* FavoriteButton.swift */,
			);
			path = Helper;
			sourceTree = "<group>";
		};
		A38C0EAE2C36AC9B000E626F /* Badges */ = {
			isa = PBXGroup;
			children = (
				A38C0EA42C36A03C000E626F /* HexagonParameters.swift */,
				A38C0EA62C36A13F000E626F /* BadgeBackground.swift */,
				A38C0EA82C36A8A4000E626F /* BadgeSymbol.swift */,
				A38C0EAA2C36AA23000E626F /* RotatedBadgeSymbol.swift */,
				A38C0EAC2C36AA9D000E626F /* Badge.swift */,
			);
			path = Badges;
			sourceTree = "<group>";
		};
		A38C0EB32C36B0B7000E626F /* Hikes */ = {
			isa = PBXGroup;
			children = (
				A38C0EB42C36B0B7000E626F /* GraphCapsule.swift */,
				A38C0EB52C36B0B7000E626F /* HikeGraph.swift */,
				A38C0EB62C36B0B7000E626F /* HikeDetail.swift */,
				A38C0EB72C36B0B7000E626F /* HikeView.swift */,
			);
			path = Hikes;
			sourceTree = "<group>";
		};
		A3A6475F2C3AED630015912E /* Categories */ = {
			isa = PBXGroup;
			children = (
				A3A647602C3AED630015912E /* CategoryItem.swift */,
				A3A647612C3AED630015912E /* CategoryHome.swift */,
				A3A647622C3AED630015912E /* CategoryRow.swift */,
			);
			path = Categories;
			sourceTree = "<group>";
		};
		A3A647662C3AEDBE0015912E /* Profile */ = {
			isa = PBXGroup;
			children = (
				A3A647672C3AEDBE0015912E /* HikeBadge.swift */,
				A3A647682C3AEDBE0015912E /* ProfileSummary.swift */,
				A3A647692C3AEDBE0015912E /* ProfileHost.swift */,
				A3A647742C3B046E0015912E /* ProfileEditor.swift */,
			);
			path = Profile;
			sourceTree = "<group>";
		};
		A3A6476D2C3AEDED0015912E /* Extensions */ = {
			isa = PBXGroup;
			children = (
				A3A6476E2C3AEDED0015912E /* Collection+.swift */,
			);
			path = Extensions;
			sourceTree = "<group>";
		};
/* End PBXGroup section */

/* Begin PBXNativeTarget section */
		A315E7902C353E7400FA4F20 /* Landmarks */ = {
			isa = PBXNativeTarget;
			buildConfigurationList = A315E79F2C353E7B00FA4F20 /* Build configuration list for PBXNativeTarget "Landmarks" */;
			buildPhases = (
				A315E78D2C353E7400FA4F20 /* Sources */,
				A315E78E2C353E7400FA4F20 /* Frameworks */,
				A315E78F2C353E7400FA4F20 /* Resources */,
			);
			buildRules = (
			);
			dependencies = (
			);
			name = Landmarks;
			productName = Landmarks;
			productReference = A315E7912C353E7400FA4F20 /* Landmarks.app */;
			productType = "com.apple.product-type.application";
		};
/* End PBXNativeTarget section */

/* Begin PBXProject section */
		A315E7892C353E7400FA4F20 /* Project object */ = {
			isa = PBXProject;
			attributes = {
				BuildIndependentTargetsInParallel = 1;
				LastSwiftUpdateCheck = 1420;
				LastUpgradeCheck = 1420;
				TargetAttributes = {
					A315E7902C353E7400FA4F20 = {
						CreatedOnToolsVersion = 14.2;
					};
				};
			};
			buildConfigurationList = A315E78C2C353E7400FA4F20 /* Build configuration list for PBXProject "Landmarks" */;
			compatibilityVersion = "Xcode 14.0";
			developmentRegion = en;
			hasScannedForEncodings = 0;
			knownRegions = (
				en,
				Base,
			);
			mainGroup = A315E7882C353E7400FA4F20;
			productRefGroup = A315E7922C353E7400FA4F20 /* Products */;
			projectDirPath = "";
			projectRoot = "";
			targets = (
				A315E7902C353E7400FA4F20 /* Landmarks */,
			);
		};
/* End PBXProject section */

/* Begin PBXResourcesBuildPhase section */
		A315E78F2C353E7400FA4F20 /* Resources */ = {
			isa = PBXResourcesBuildPhase;
			buildActionMask = 2147483647;
			files = (
				A3A647732C3AEE190015912E /* hikeData.json in Resources */,
				A315E7C02C354CC300FA4F20 /* charleyrivers@2x.jpg in Resources */,
				A315E7BD2C354CC300FA4F20 /* hiddenlake@2x.jpg in Resources */,
				A315E7B72C354CC300FA4F20 /* umbagog@2x.jpg in Resources */,
				A315E7C12C354CC300FA4F20 /* rainbowlake@2x.jpg in Resources */,
				A315E7BC2C354CC300FA4F20 /* icybay@2x.jpg in Resources */,
				A315E7BB2C354CC300FA4F20 /* silversalmoncreek@2x.jpg in Resources */,
				A315E79C2C353E7B00FA4F20 /* Preview Assets.xcassets in Resources */,
				A315E7C22C354CC300FA4F20 /* landmarkData.json in Resources */,
				A315E7B82C354CC300FA4F20 /* twinlake@2x.jpg in Resources */,
				A315E7BF2C354CC300FA4F20 /* stmarylake@2x.jpg in Resources */,
				A315E7BA2C354CC300FA4F20 /* lakemcdonald@2x.jpg in Resources */,
				A315E7BE2C354CC300FA4F20 /* chilkoottrail@2x.jpg in Resources */,
				A315E7992C353E7B00FA4F20 /* Assets.xcassets in Resources */,
				A315E7B92C354CC300FA4F20 /* chincoteague@2x.jpg in Resources */,
			);
			runOnlyForDeploymentPostprocessing = 0;
		};
/* End PBXResourcesBuildPhase section */

/* Begin PBXSourcesBuildPhase section */
		A315E78D2C353E7400FA4F20 /* Sources */ = {
			isa = PBXSourcesBuildPhase;
			buildActionMask = 2147483647;
			files = (
				A315E7972C353E7400FA4F20 /* ContentView.swift in Sources */,
				A38C0EB92C36B0B7000E626F /* HikeGraph.swift in Sources */,
				A38C0EAD2C36AA9D000E626F /* Badge.swift in Sources */,
				A315E7A52C3543F700FA4F20 /* MapView.swift in Sources */,
				A3A647642C3AED630015912E /* CategoryHome.swift in Sources */,
				A3A6476C2C3AEDBE0015912E /* ProfileHost.swift in Sources */,
				A38C0EB82C36B0B7000E626F /* GraphCapsule.swift in Sources */,
				A3A647652C3AED630015912E /* CategoryRow.swift in Sources */,
				A315E7952C353E7400FA4F20 /* LandmarksApp.swift in Sources */,
				A38C0EA12C359FFF000E626F /* FavoriteButton.swift in Sources */,
				A38C0EBA2C36B0B7000E626F /* HikeDetail.swift in Sources */,
				A3A6476F2C3AEDED0015912E /* Collection+.swift in Sources */,
				A38C0EA52C36A03C000E626F /* HexagonParameters.swift in Sources */,
				A3A647752C3B046E0015912E /* ProfileEditor.swift in Sources */,
				A38C0EB22C36AFF7000E626F /* Hike.swift in Sources */,
				A3A647632C3AED630015912E /* CategoryItem.swift in Sources */,
				A38C0EAB2C36AA23000E626F /* RotatedBadgeSymbol.swift in Sources */,
				A38C0EA92C36A8A4000E626F /* BadgeSymbol.swift in Sources */,
				A3A647712C3AEE030015912E /* Profile.swift in Sources */,
				A315E7CC2C3574EE00FA4F20 /* LandmarkList.swift in Sources */,
				A38C0EBB2C36B0B7000E626F /* HikeView.swift in Sources */,
				A315E7CE2C3575FB00FA4F20 /* LandmarkDetail.swift in Sources */,
				A38C0EA72C36A13F000E626F /* BadgeBackground.swift in Sources */,
				A315E7A32C3542B500FA4F20 /* CircleImage.swift in Sources */,
				A315E7C42C356A7500FA4F20 /* Landmark.swift in Sources */,
				A315E7CA2C356E9700FA4F20 /* LandmarkRow.swift in Sources */,
				A3A6476B2C3AEDBE0015912E /* ProfileSummary.swift in Sources */,
				A3A6476A2C3AEDBE0015912E /* HikeBadge.swift in Sources */,
				A315E7C62C356C8100FA4F20 /* ModelData.swift in Sources */,
			);
			runOnlyForDeploymentPostprocessing = 0;
		};
/* End PBXSourcesBuildPhase section */

/* Begin XCBuildConfiguration section */
		A315E79D2C353E7B00FA4F20 /* Debug */ = {
			isa = XCBuildConfiguration;
			buildSettings = {
				ALWAYS_SEARCH_USER_PATHS = NO;
				CLANG_ANALYZER_NONNULL = YES;
				CLANG_ANALYZER_NUMBER_OBJECT_CONVERSION = YES_AGGRESSIVE;
				CLANG_CXX_LANGUAGE_STANDARD = "gnu++20";
				CLANG_ENABLE_MODULES = YES;
				CLANG_ENABLE_OBJC_ARC = YES;
				CLANG_ENABLE_OBJC_WEAK = YES;
				CLANG_WARN_BLOCK_CAPTURE_AUTORELEASING = YES;
				CLANG_WARN_BOOL_CONVERSION = YES;
				CLANG_WARN_COMMA = YES;
				CLANG_WARN_CONSTANT_CONVERSION = YES;
				CLANG_WARN_DEPRECATED_OBJC_IMPLEMENTATIONS = YES;
				CLANG_WARN_DIRECT_OBJC_ISA_USAGE = YES_ERROR;
				CLANG_WARN_DOCUMENTATION_COMMENTS = YES;
				CLANG_WARN_EMPTY_BODY = YES;
				CLANG_WARN_ENUM_CONVERSION = YES;
				CLANG_WARN_INFINITE_RECURSION = YES;
				CLANG_WARN_INT_CONVERSION = YES;
				CLANG_WARN_NON_LITERAL_NULL_CONVERSION = YES;
				CLANG_WARN_OBJC_IMPLICIT_RETAIN_SELF = YES;
				CLANG_WARN_OBJC_LITERAL_CONVERSION = YES;
				CLANG_WARN_OBJC_ROOT_CLASS = YES_ERROR;
				CLANG_WARN_QUOTED_INCLUDE_IN_FRAMEWORK_HEADER = YES;
				CLANG_WARN_RANGE_LOOP_ANALYSIS = YES;
				CLANG_WARN_STRICT_PROTOTYPES = YES;
				CLANG_WARN_SUSPICIOUS_MOVE = YES;
				CLANG_WARN_UNGUARDED_AVAILABILITY = YES_AGGRESSIVE;
				CLANG_WARN_UNREACHABLE_CODE = YES;
				CLANG_WARN__DUPLICATE_METHOD_MATCH = YES;
				COPY_PHASE_STRIP = NO;
				DEBUG_INFORMATION_FORMAT = dwarf;
				ENABLE_STRICT_OBJC_MSGSEND = YES;
				ENABLE_TESTABILITY = YES;
				GCC_C_LANGUAGE_STANDARD = gnu11;
				GCC_DYNAMIC_NO_PIC = NO;
				GCC_NO_COMMON_BLOCKS = YES;
				GCC_OPTIMIZATION_LEVEL = 0;
				GCC_PREPROCESSOR_DEFINITIONS = (
					"DEBUG=1",
					"$(inherited)",
				);
				GCC_WARN_64_TO_32_BIT_CONVERSION = YES;
				GCC_WARN_ABOUT_RETURN_TYPE = YES_ERROR;
				GCC_WARN_UNDECLARED_SELECTOR = YES;
				GCC_WARN_UNINITIALIZED_AUTOS = YES_AGGRESSIVE;
				GCC_WARN_UNUSED_FUNCTION = YES;
				GCC_WARN_UNUSED_VARIABLE = YES;
				IPHONEOS_DEPLOYMENT_TARGET = 16.2;
				MTL_ENABLE_DEBUG_INFO = INCLUDE_SOURCE;
				MTL_FAST_MATH = YES;
				ONLY_ACTIVE_ARCH = YES;
				SDKROOT = iphoneos;
				SWIFT_ACTIVE_COMPILATION_CONDITIONS = DEBUG;
				SWIFT_OPTIMIZATION_LEVEL = "-Onone";
			};
			name = Debug;
		};
		A315E79E2C353E7B00FA4F20 /* Release */ = {
			isa = XCBuildConfiguration;
			buildSettings = {
				ALWAYS_SEARCH_USER_PATHS = NO;
				CLANG_ANALYZER_NONNULL = YES;
				CLANG_ANALYZER_NUMBER_OBJECT_CONVERSION = YES_AGGRESSIVE;
				CLANG_CXX_LANGUAGE_STANDARD = "gnu++20";
				CLANG_ENABLE_MODULES = YES;
				CLANG_ENABLE_OBJC_ARC = YES;
				CLANG_ENABLE_OBJC_WEAK = YES;
				CLANG_WARN_BLOCK_CAPTURE_AUTORELEASING = YES;
				CLANG_WARN_BOOL_CONVERSION = YES;
				CLANG_WARN_COMMA = YES;
				CLANG_WARN_CONSTANT_CONVERSION = YES;
				CLANG_WARN_DEPRECATED_OBJC_IMPLEMENTATIONS = YES;
				CLANG_WARN_DIRECT_OBJC_ISA_USAGE = YES_ERROR;
				CLANG_WARN_DOCUMENTATION_COMMENTS = YES;
				CLANG_WARN_EMPTY_BODY = YES;
				CLANG_WARN_ENUM_CONVERSION = YES;
				CLANG_WARN_INFINITE_RECURSION = YES;
				CLANG_WARN_INT_CONVERSION = YES;
				CLANG_WARN_NON_LITERAL_NULL_CONVERSION = YES;
				CLANG_WARN_OBJC_IMPLICIT_RETAIN_SELF = YES;
				CLANG_WARN_OBJC_LITERAL_CONVERSION = YES;
				CLANG_WARN_OBJC_ROOT_CLASS = YES_ERROR;
				CLANG_WARN_QUOTED_INCLUDE_IN_FRAMEWORK_HEADER = YES;
				CLANG_WARN_RANGE_LOOP_ANALYSIS = YES;
				CLANG_WARN_STRICT_PROTOTYPES = YES;
				CLANG_WARN_SUSPICIOUS_MOVE = YES;
				CLANG_WARN_UNGUARDED_AVAILABILITY = YES_AGGRESSIVE;
				CLANG_WARN_UNREACHABLE_CODE = YES;
				CLANG_WARN__DUPLICATE_METHOD_MATCH = YES;
				COPY_PHASE_STRIP = NO;
				DEBUG_INFORMATION_FORMAT = "dwarf-with-dsym";
				ENABLE_NS_ASSERTIONS = NO;
				ENABLE_STRICT_OBJC_MSGSEND = YES;
				GCC_C_LANGUAGE_STANDARD = gnu11;
				GCC_NO_COMMON_BLOCKS = YES;
				GCC_WARN_64_TO_32_BIT_CONVERSION = YES;
				GCC_WARN_ABOUT_RETURN_TYPE = YES_ERROR;
				GCC_WARN_UNDECLARED_SELECTOR = YES;
				GCC_WARN_UNINITIALIZED_AUTOS = YES_AGGRESSIVE;
				GCC_WARN_UNUSED_FUNCTION = YES;
				GCC_WARN_UNUSED_VARIABLE = YES;
				IPHONEOS_DEPLOYMENT_TARGET = 16.2;
				MTL_ENABLE_DEBUG_INFO = NO;
				MTL_FAST_MATH = YES;
				SDKROOT = iphoneos;
				SWIFT_COMPILATION_MODE = wholemodule;
				SWIFT_OPTIMIZATION_LEVEL = "-O";
				VALIDATE_PRODUCT = YES;
			};
			name = Release;
		};
		A315E7A02C353E7B00FA4F20 /* Debug */ = {
			isa = XCBuildConfiguration;
			buildSettings = {
				ASSETCATALOG_COMPILER_APPICON_NAME = AppIcon;
				ASSETCATALOG_COMPILER_GLOBAL_ACCENT_COLOR_NAME = AccentColor;
				CODE_SIGN_STYLE = Automatic;
				CURRENT_PROJECT_VERSION = 1;
				DEVELOPMENT_ASSET_PATHS = "\"Landmarks/Preview Content\"";
				DEVELOPMENT_TEAM = GR465RHT3M;
				ENABLE_PREVIEWS = YES;
				GENERATE_INFOPLIST_FILE = YES;
				INFOPLIST_KEY_UIApplicationSceneManifest_Generation = YES;
				INFOPLIST_KEY_UIApplicationSupportsIndirectInputEvents = YES;
				INFOPLIST_KEY_UILaunchScreen_Generation = YES;
				INFOPLIST_KEY_UISupportedInterfaceOrientations_iPad = "UIInterfaceOrientationPortrait UIInterfaceOrientationPortraitUpsideDown UIInterfaceOrientationLandscapeLeft UIInterfaceOrientationLandscapeRight";
				INFOPLIST_KEY_UISupportedInterfaceOrientations_iPhone = "UIInterfaceOrientationPortrait UIInterfaceOrientationLandscapeLeft UIInterfaceOrientationLandscapeRight";
				LD_RUNPATH_SEARCH_PATHS = (
					"$(inherited)",
					"@executable_path/Frameworks",
				);
				MARKETING_VERSION = 1.0;
				PRODUCT_BUNDLE_IDENTIFIER = alinakovtunovich.Landmarks;
				PRODUCT_NAME = "$(TARGET_NAME)";
				SWIFT_EMIT_LOC_STRINGS = YES;
				SWIFT_VERSION = 5.0;
				TARGETED_DEVICE_FAMILY = "1,2";
			};
			name = Debug;
		};
		A315E7A12C353E7B00FA4F20 /* Release */ = {
			isa = XCBuildConfiguration;
			buildSettings = {
				ASSETCATALOG_COMPILER_APPICON_NAME = AppIcon;
				ASSETCATALOG_COMPILER_GLOBAL_ACCENT_COLOR_NAME = AccentColor;
				CODE_SIGN_STYLE = Automatic;
				CURRENT_PROJECT_VERSION = 1;
				DEVELOPMENT_ASSET_PATHS = "\"Landmarks/Preview Content\"";
				DEVELOPMENT_TEAM = GR465RHT3M;
				ENABLE_PREVIEWS = YES;
				GENERATE_INFOPLIST_FILE = YES;
				INFOPLIST_KEY_UIApplicationSceneManifest_Generation = YES;
				INFOPLIST_KEY_UIApplicationSupportsIndirectInputEvents = YES;
				INFOPLIST_KEY_UILaunchScreen_Generation = YES;
				INFOPLIST_KEY_UISupportedInterfaceOrientations_iPad = "UIInterfaceOrientationPortrait UIInterfaceOrientationPortraitUpsideDown UIInterfaceOrientationLandscapeLeft UIInterfaceOrientationLandscapeRight";
				INFOPLIST_KEY_UISupportedInterfaceOrientations_iPhone = "UIInterfaceOrientationPortrait UIInterfaceOrientationLandscapeLeft UIInterfaceOrientationLandscapeRight";
				LD_RUNPATH_SEARCH_PATHS = (
					"$(inherited)",
					"@executable_path/Frameworks",
				);
				MARKETING_VERSION = 1.0;
				PRODUCT_BUNDLE_IDENTIFIER = alinakovtunovich.Landmarks;
				PRODUCT_NAME = "$(TARGET_NAME)";
				SWIFT_EMIT_LOC_STRINGS = YES;
				SWIFT_VERSION = 5.0;
				TARGETED_DEVICE_FAMILY = "1,2";
			};
			name = Release;
		};
/* End XCBuildConfiguration section */

/* Begin XCConfigurationList section */
		A315E78C2C353E7400FA4F20 /* Build configuration list for PBXProject "Landmarks" */ = {
			isa = XCConfigurationList;
			buildConfigurations = (
				A315E79D2C353E7B00FA4F20 /* Debug */,
				A315E79E2C353E7B00FA4F20 /* Release */,
			);
			defaultConfigurationIsVisible = 0;
			defaultConfigurationName = Release;
		};
		A315E79F2C353E7B00FA4F20 /* Build configuration list for PBXNativeTarget "Landmarks" */ = {
			isa = XCConfigurationList;
			buildConfigurations = (
				A315E7A02C353E7B00FA4F20 /* Debug */,
				A315E7A12C353E7B00FA4F20 /* Release */,
			);
			defaultConfigurationIsVisible = 0;
			defaultConfigurationName = Release;
		};
/* End XCConfigurationList section */
	};
	rootObject = A315E7892C353E7400FA4F20 /* Project object */;
}
